// !$*UTF8*$!
{
	archiveVersion = 1;
	classes = {
	};
	objectVersion = 48;
	objects = {

/* Begin PBXBuildFile section */
		8A1FE0FA2029E6BF00A75F52 /* AppDelegate.swift in Sources */ = {isa = PBXBuildFile; fileRef = 8A1FE0F92029E6BF00A75F52 /* AppDelegate.swift */; };
		8A1FE0FC2029E6BF00A75F52 /* MasterViewController.swift in Sources */ = {isa = PBXBuildFile; fileRef = 8A1FE0FB2029E6BF00A75F52 /* MasterViewController.swift */; };
		8A1FE0FE2029E6BF00A75F52 /* DetailViewController.swift in Sources */ = {isa = PBXBuildFile; fileRef = 8A1FE0FD2029E6BF00A75F52 /* DetailViewController.swift */; };
		8A1FE1012029E6BF00A75F52 /* Main.storyboard in Resources */ = {isa = PBXBuildFile; fileRef = 8A1FE0FF2029E6BF00A75F52 /* Main.storyboard */; };
		8A1FE1032029E6BF00A75F52 /* Assets.xcassets in Resources */ = {isa = PBXBuildFile; fileRef = 8A1FE1022029E6BF00A75F52 /* Assets.xcassets */; };
		8A1FE1062029E6BF00A75F52 /* LaunchScreen.storyboard in Resources */ = {isa = PBXBuildFile; fileRef = 8A1FE1042029E6BF00A75F52 /* LaunchScreen.storyboard */; };
		8A1FE10E2029EB2F00A75F52 /* NYTTopSportsArticlesAPI.swift in Sources */ = {isa = PBXBuildFile; fileRef = 8A1FE10D2029EB2F00A75F52 /* NYTTopSportsArticlesAPI.swift */; };
		8A1FE1102029EEC500A75F52 /* Util.swift in Sources */ = {isa = PBXBuildFile; fileRef = 8A1FE10F2029EEC500A75F52 /* Util.swift */; };
		8A1FE1122029F08A00A75F52 /* SportsArticle.swift in Sources */ = {isa = PBXBuildFile; fileRef = 8A1FE1112029F08A00A75F52 /* SportsArticle.swift */; };
		8A6BFBCC2032E192006AE6D0 /* SportsArticleTableViewCell.swift in Sources */ = {isa = PBXBuildFile; fileRef = 8A6BFBCB2032E192006AE6D0 /* SportsArticleTableViewCell.swift */; };
		C9CE0EF3358D9DB7B924B39C /* Pods_NYTSports.framework in Frameworks */ = {isa = PBXBuildFile; fileRef = EC34DB2FCE90073E31C9AD00 /* Pods_NYTSports.framework */; };
/* End PBXBuildFile section */

/* Begin PBXFileReference section */
		4A192EFBE2B109FF9DBC076A /* Pods-NYTSports.debug.xcconfig */ = {isa = PBXFileReference; includeInIndex = 1; lastKnownFileType = text.xcconfig; name = "Pods-NYTSports.debug.xcconfig"; path = "Pods/Target Support Files/Pods-NYTSports/Pods-NYTSports.debug.xcconfig"; sourceTree = "<group>"; };
		8A1FE0F62029E6BF00A75F52 /* NYTSports.app */ = {isa = PBXFileReference; explicitFileType = wrapper.application; includeInIndex = 0; path = NYTSports.app; sourceTree = BUILT_PRODUCTS_DIR; };
		8A1FE0F92029E6BF00A75F52 /* AppDelegate.swift */ = {isa = PBXFileReference; lastKnownFileType = sourcecode.swift; path = AppDelegate.swift; sourceTree = "<group>"; };
		8A1FE0FB2029E6BF00A75F52 /* MasterViewController.swift */ = {isa = PBXFileReference; lastKnownFileType = sourcecode.swift; path = MasterViewController.swift; sourceTree = "<group>"; };
		8A1FE0FD2029E6BF00A75F52 /* DetailViewController.swift */ = {isa = PBXFileReference; lastKnownFileType = sourcecode.swift; path = DetailViewController.swift; sourceTree = "<group>"; };
		8A1FE1002029E6BF00A75F52 /* Base */ = {isa = PBXFileReference; lastKnownFileType = file.storyboard; name = Base; path = Base.lproj/Main.storyboard; sourceTree = "<group>"; };
		8A1FE1022029E6BF00A75F52 /* Assets.xcassets */ = {isa = PBXFileReference; lastKnownFileType = folder.assetcatalog; path = Assets.xcassets; sourceTree = "<group>"; };
		8A1FE1052029E6BF00A75F52 /* Base */ = {isa = PBXFileReference; lastKnownFileType = file.storyboard; name = Base; path = Base.lproj/LaunchScreen.storyboard; sourceTree = "<group>"; };
		8A1FE1072029E6C000A75F52 /* Info.plist */ = {isa = PBXFileReference; lastKnownFileType = text.plist.xml; path = Info.plist; sourceTree = "<group>"; };
		8A1FE10D2029EB2F00A75F52 /* NYTTopSportsArticlesAPI.swift */ = {isa = PBXFileReference; lastKnownFileType = sourcecode.swift; path = NYTTopSportsArticlesAPI.swift; sourceTree = "<group>"; };
		8A1FE10F2029EEC500A75F52 /* Util.swift */ = {isa = PBXFileReference; lastKnownFileType = sourcecode.swift; path = Util.swift; sourceTree = "<group>"; };
		8A1FE1112029F08A00A75F52 /* SportsArticle.swift */ = {isa = PBXFileReference; lastKnownFileType = sourcecode.swift; path = SportsArticle.swift; sourceTree = "<group>"; };
		8A6BFBCB2032E192006AE6D0 /* SportsArticleTableViewCell.swift */ = {isa = PBXFileReference; lastKnownFileType = sourcecode.swift; path = SportsArticleTableViewCell.swift; sourceTree = "<group>"; };
		DAA090F6B245624C48371B7B /* Pods-NYTSports.release.xcconfig */ = {isa = PBXFileReference; includeInIndex = 1; lastKnownFileType = text.xcconfig; name = "Pods-NYTSports.release.xcconfig"; path = "Pods/Target Support Files/Pods-NYTSports/Pods-NYTSports.release.xcconfig"; sourceTree = "<group>"; };
		EC34DB2FCE90073E31C9AD00 /* Pods_NYTSports.framework */ = {isa = PBXFileReference; explicitFileType = wrapper.framework; includeInIndex = 0; path = Pods_NYTSports.framework; sourceTree = BUILT_PRODUCTS_DIR; };
/* End PBXFileReference section */

/* Begin PBXFrameworksBuildPhase section */
		8A1FE0F32029E6BF00A75F52 /* Frameworks */ = {
			isa = PBXFrameworksBuildPhase;
			buildActionMask = 2147483647;
			files = (
				C9CE0EF3358D9DB7B924B39C /* Pods_NYTSports.framework in Frameworks */,
			);
			runOnlyForDeploymentPostprocessing = 0;
		};
/* End PBXFrameworksBuildPhase section */

/* Begin PBXGroup section */
		016CEA66429034C06E2ACFAC /* Pods */ = {
			isa = PBXGroup;
			children = (
				4A192EFBE2B109FF9DBC076A /* Pods-NYTSports.debug.xcconfig */,
				DAA090F6B245624C48371B7B /* Pods-NYTSports.release.xcconfig */,
			);
			name = Pods;
			sourceTree = "<group>";
		};
		77B387236CC8BBA426144FE6 /* Frameworks */ = {
			isa = PBXGroup;
			children = (
				EC34DB2FCE90073E31C9AD00 /* Pods_NYTSports.framework */,
			);
			name = Frameworks;
			sourceTree = "<group>";
		};
		8A1FE0ED2029E6BF00A75F52 = {
			isa = PBXGroup;
			children = (
				8A1FE0F82029E6BF00A75F52 /* NYTSports */,
				8A1FE0F72029E6BF00A75F52 /* Products */,
				016CEA66429034C06E2ACFAC /* Pods */,
				77B387236CC8BBA426144FE6 /* Frameworks */,
			);
			sourceTree = "<group>";
		};
		8A1FE0F72029E6BF00A75F52 /* Products */ = {
			isa = PBXGroup;
			children = (
				8A1FE0F62029E6BF00A75F52 /* NYTSports.app */,
			);
			name = Products;
			sourceTree = "<group>";
		};
		8A1FE0F82029E6BF00A75F52 /* NYTSports */ = {
			isa = PBXGroup;
			children = (
				8A1FE0F92029E6BF00A75F52 /* AppDelegate.swift */,
				8A1FE10F2029EEC500A75F52 /* Util.swift */,
				8A1FE10D2029EB2F00A75F52 /* NYTTopSportsArticlesAPI.swift */,
				8A1FE1112029F08A00A75F52 /* SportsArticle.swift */,
				8A1FE0FB2029E6BF00A75F52 /* MasterViewController.swift */,
				8A1FE0FD2029E6BF00A75F52 /* DetailViewController.swift */,
				8A6BFBCB2032E192006AE6D0 /* SportsArticleTableViewCell.swift */,
				8A1FE0FF2029E6BF00A75F52 /* Main.storyboard */,
				8A1FE1022029E6BF00A75F52 /* Assets.xcassets */,
				8A1FE1042029E6BF00A75F52 /* LaunchScreen.storyboard */,
				8A1FE1072029E6C000A75F52 /* Info.plist */,
			);
			path = NYTSports;
			sourceTree = "<group>";
		};
/* End PBXGroup section */

/* Begin PBXNativeTarget section */
		8A1FE0F52029E6BF00A75F52 /* NYTSports */ = {
			isa = PBXNativeTarget;
			buildConfigurationList = 8A1FE10A2029E6C000A75F52 /* Build configuration list for PBXNativeTarget "NYTSports" */;
			buildPhases = (
				ED2E5010D07872F25806199C /* [CP] Check Pods Manifest.lock */,
				8A1FE0F22029E6BF00A75F52 /* Sources */,
				8A1FE0F32029E6BF00A75F52 /* Frameworks */,
				8A1FE0F42029E6BF00A75F52 /* Resources */,
				5C6031E45FAA2A00B1011777 /* [CP] Embed Pods Frameworks */,
				B573C7A9F1EB9A9FC73F3B42 /* [CP] Copy Pods Resources */,
			);
			buildRules = (
			);
			dependencies = (
			);
			name = NYTSports;
			productName = NYTSports;
			productReference = 8A1FE0F62029E6BF00A75F52 /* NYTSports.app */;
			productType = "com.apple.product-type.application";
		};
/* End PBXNativeTarget section */

/* Begin PBXProject section */
		8A1FE0EE2029E6BF00A75F52 /* Project object */ = {
			isa = PBXProject;
			attributes = {
				LastSwiftUpdateCheck = 0920;
				LastUpgradeCheck = 0920;
				ORGANIZATIONNAME = karimelnaggar;
				TargetAttributes = {
					8A1FE0F52029E6BF00A75F52 = {
						CreatedOnToolsVersion = 9.2;
						ProvisioningStyle = Automatic;
					};
				};
			};
			buildConfigurationList = 8A1FE0F12029E6BF00A75F52 /* Build configuration list for PBXProject "NYTSports" */;
			compatibilityVersion = "Xcode 8.0";
			developmentRegion = en;
			hasScannedForEncodings = 0;
			knownRegions = (
				en,
				Base,
			);
			mainGroup = 8A1FE0ED2029E6BF00A75F52;
			productRefGroup = 8A1FE0F72029E6BF00A75F52 /* Products */;
			projectDirPath = "";
			projectRoot = "";
			targets = (
				8A1FE0F52029E6BF00A75F52 /* NYTSports */,
			);
		};
/* End PBXProject section */

/* Begin PBXResourcesBuildPhase section */
		8A1FE0F42029E6BF00A75F52 /* Resources */ = {
			isa = PBXResourcesBuildPhase;
			buildActionMask = 2147483647;
			files = (
				8A1FE1062029E6BF00A75F52 /* LaunchScreen.storyboard in Resources */,
				8A1FE1032029E6BF00A75F52 /* Assets.xcassets in Resources */,
				8A1FE1012029E6BF00A75F52 /* Main.storyboard in Resources */,
			);
			runOnlyForDeploymentPostprocessing = 0;
		};
/* End PBXResourcesBuildPhase section */

/* Begin PBXShellScriptBuildPhase section */
		5C6031E45FAA2A00B1011777 /* [CP] Embed Pods Frameworks */ = {
			isa = PBXShellScriptBuildPhase;
			buildActionMask = 2147483647;
			files = (
			);
			inputPaths = (
				"${SRCROOT}/Pods/Target Support Files/Pods-NYTSports/Pods-NYTSports-frameworks.sh",
				"${BUILT_PRODUCTS_DIR}/Kingfisher/Kingfisher.framework",
				"${BUILT_PRODUCTS_DIR}/SwiftWebVC/SwiftWebVC.framework",
			);
			name = "[CP] Embed Pods Frameworks";
			outputPaths = (
				"${TARGET_BUILD_DIR}/${FRAMEWORKS_FOLDER_PATH}/Kingfisher.framework",
				"${TARGET_BUILD_DIR}/${FRAMEWORKS_FOLDER_PATH}/SwiftWebVC.framework",
			);
			runOnlyForDeploymentPostprocessing = 0;
			shellPath = /bin/sh;
			shellScript = "\"${SRCROOT}/Pods/Target Support Files/Pods-NYTSports/Pods-NYTSports-frameworks.sh\"\n";
			showEnvVarsInLog = 0;
		};
		B573C7A9F1EB9A9FC73F3B42 /* [CP] Copy Pods Resources */ = {
			isa = PBXShellScriptBuildPhase;
			buildActionMask = 2147483647;
			files = (
			);
			inputPaths = (
			);
			name = "[CP] Copy Pods Resources";
			outputPaths = (
			);
			runOnlyForDeploymentPostprocessing = 0;
			shellPath = /bin/sh;
			shellScript = "\"${SRCROOT}/Pods/Target Support Files/Pods-NYTSports/Pods-NYTSports-resources.sh\"\n";
			showEnvVarsInLog = 0;
		};
		ED2E5010D07872F25806199C /* [CP] Check Pods Manifest.lock */ = {
			isa = PBXShellScriptBuildPhase;
			buildActionMask = 2147483647;
			files = (
			);
			inputPaths = (
				"${PODS_PODFILE_DIR_PATH}/Podfile.lock",
				"${PODS_ROOT}/Manifest.lock",
			);
			name = "[CP] Check Pods Manifest.lock";
			outputPaths = (
				"$(DERIVED_FILE_DIR)/Pods-NYTSports-checkManifestLockResult.txt",
			);
			runOnlyForDeploymentPostprocessing = 0;
			shellPath = /bin/sh;
			shellScript = "diff \"${PODS_PODFILE_DIR_PATH}/Podfile.lock\" \"${PODS_ROOT}/Manifest.lock\" > /dev/null\nif [ $? != 0 ] ; then\n    # print error to STDERR\n    echo \"error: The sandbox is not in sync with the Podfile.lock. Run 'pod install' or update your CocoaPods installation.\" >&2\n    exit 1\nfi\n# This output is used by Xcode 'outputs' to avoid re-running this script phase.\necho \"SUCCESS\" > \"${SCRIPT_OUTPUT_FILE_0}\"\n";
			showEnvVarsInLog = 0;
		};
/* End PBXShellScriptBuildPhase section */

/* Begin PBXSourcesBuildPhase section */
		8A1FE0F22029E6BF00A75F52 /* Sources */ = {
			isa = PBXSourcesBuildPhase;
			buildActionMask = 2147483647;
			files = (
				8A1FE0FE2029E6BF00A75F52 /* DetailViewController.swift in Sources */,
				8A1FE0FC2029E6BF00A75F52 /* MasterViewController.swift in Sources */,
				8A6BFBCC2032E192006AE6D0 /* SportsArticleTableViewCell.swift in Sources */,
				8A1FE1102029EEC500A75F52 /* Util.swift in Sources */,
				8A1FE1122029F08A00A75F52 /* SportsArticle.swift in Sources */,
				8A1FE10E2029EB2F00A75F52 /* NYTTopSportsArticlesAPI.swift in Sources */,
				8A1FE0FA2029E6BF00A75F52 /* AppDelegate.swift in Sources */,
			);
			runOnlyForDeploymentPostprocessing = 0;
		};
/* End PBXSourcesBuildPhase section */

/* Begin PBXVariantGroup section */
		8A1FE0FF2029E6BF00A75F52 /* Main.storyboard */ = {
			isa = PBXVariantGroup;
			children = (
				8A1FE1002029E6BF00A75F52 /* Base */,
			);
			name = Main.storyboard;
			sourceTree = "<group>";
		};
		8A1FE1042029E6BF00A75F52 /* LaunchScreen.storyboard */ = {
			isa = PBXVariantGroup;
			children = (
				8A1FE1052029E6BF00A75F52 /* Base */,
			);
			name = LaunchScreen.storyboard;
			sourceTree = "<group>";
		};
/* End PBXVariantGroup section */

/* Begin XCBuildConfiguration section */
		8A1FE1082029E6C000A75F52 /* Debug */ = {
			isa = XCBuildConfiguration;
			buildSettings = {
				ALWAYS_SEARCH_USER_PATHS = NO;
				CLANG_ANALYZER_NONNULL = YES;
				CLANG_ANALYZER_NUMBER_OBJECT_CONVERSION = YES_AGGRESSIVE;
				CLANG_CXX_LANGUAGE_STANDARD = "gnu++14";
				CLANG_CXX_LIBRARY = "libc++";
				CLANG_ENABLE_MODULES = YES;
				CLANG_ENABLE_OBJC_ARC = YES;
				CLANG_WARN_BLOCK_CAPTURE_AUTORELEASING = YES;
				CLANG_WARN_BOOL_CONVERSION = YES;
				CLANG_WARN_COMMA = YES;
				CLANG_WARN_CONSTANT_CONVERSION = YES;
				CLANG_WARN_DIRECT_OBJC_ISA_USAGE = YES_ERROR;
				CLANG_WARN_DOCUMENTATION_COMMENTS = YES;
				CLANG_WARN_EMPTY_BODY = YES;
				CLANG_WARN_ENUM_CONVERSION = YES;
				CLANG_WARN_INFINITE_RECURSION = YES;
				CLANG_WARN_INT_CONVERSION = YES;
				CLANG_WARN_NON_LITERAL_NULL_CONVERSION = YES;
				CLANG_WARN_OBJC_LITERAL_CONVERSION = YES;
				CLANG_WARN_OBJC_ROOT_CLASS = YES_ERROR;
				CLANG_WARN_RANGE_LOOP_ANALYSIS = YES;
				CLANG_WARN_STRICT_PROTOTYPES = YES;
				CLANG_WARN_SUSPICIOUS_MOVE = YES;
				CLANG_WARN_UNGUARDED_AVAILABILITY = YES_AGGRESSIVE;
				CLANG_WARN_UNREACHABLE_CODE = YES;
				CLANG_WARN__DUPLICATE_METHOD_MATCH = YES;
				CODE_SIGN_IDENTITY = "iPhone Developer";
				COPY_PHASE_STRIP = NO;
				DEBUG_INFORMATION_FORMAT = dwarf;
				ENABLE_STRICT_OBJC_MSGSEND = YES;
				ENABLE_TESTABILITY = YES;
				GCC_C_LANGUAGE_STANDARD = gnu11;
				GCC_DYNAMIC_NO_PIC = NO;
				GCC_NO_COMMON_BLOCKS = YES;
				GCC_OPTIMIZATION_LEVEL = 0;
				GCC_PREPROCESSOR_DEFINITIONS = (
					"DEBUG=1",
					"$(inherited)",
				);
				GCC_WARN_64_TO_32_BIT_CONVERSION = YES;
				GCC_WARN_ABOUT_RETURN_TYPE = YES_ERROR;
				GCC_WARN_UNDECLARED_SELECTOR = YES;
				GCC_WARN_UNINITIALIZED_AUTOS = YES_AGGRESSIVE;
				GCC_WARN_UNUSED_FUNCTION = YES;
				GCC_WARN_UNUSED_VARIABLE = YES;
				IPHONEOS_DEPLOYMENT_TARGET = 11.2;
				MTL_ENABLE_DEBUG_INFO = YES;
				ONLY_ACTIVE_ARCH = YES;
				SDKROOT = iphoneos;
				SWIFT_ACTIVE_COMPILATION_CONDITIONS = DEBUG;
				SWIFT_OPTIMIZATION_LEVEL = "-Onone";
			};
			name = Debug;
		};
		8A1FE1092029E6C000A75F52 /* Release */ = {
			isa = XCBuildConfiguration;
			buildSettings = {
				ALWAYS_SEARCH_USER_PATHS = NO;
				CLANG_ANALYZER_NONNULL = YES;
				CLANG_ANALYZER_NUMBER_OBJECT_CONVERSION = YES_AGGRESSIVE;
				CLANG_CXX_LANGUAGE_STANDARD = "gnu++14";
				CLANG_CXX_LIBRARY = "libc++";
				CLANG_ENABLE_MODULES = YES;
				CLANG_ENABLE_OBJC_ARC = YES;
				CLANG_WARN_BLOCK_CAPTURE_AUTORELEASING = YES;
				CLANG_WARN_BOOL_CONVERSION = YES;
				CLANG_WARN_COMMA = YES;
				CLANG_WARN_CONSTANT_CONVERSION = YES;
				CLANG_WARN_DIRECT_OBJC_ISA_USAGE = YES_ERROR;
				CLANG_WARN_DOCUMENTATION_COMMENTS = YES;
				CLANG_WARN_EMPTY_BODY = YES;
				CLANG_WARN_ENUM_CONVERSION = YES;
				CLANG_WARN_INFINITE_RECURSION = YES;
				CLANG_WARN_INT_CONVERSION = YES;
				CLANG_WARN_NON_LITERAL_NULL_CONVERSION = YES;
				CLANG_WARN_OBJC_LITERAL_CONVERSION = YES;
				CLANG_WARN_OBJC_ROOT_CLASS = YES_ERROR;
				CLANG_WARN_RANGE_LOOP_ANALYSIS = YES;
				CLANG_WARN_STRICT_PROTOTYPES = YES;
				CLANG_WARN_SUSPICIOUS_MOVE = YES;
				CLANG_WARN_UNGUARDED_AVAILABILITY = YES_AGGRESSIVE;
				CLANG_WARN_UNREACHABLE_CODE = YES;
				CLANG_WARN__DUPLICATE_METHOD_MATCH = YES;
				CODE_SIGN_IDENTITY = "iPhone Developer";
				COPY_PHASE_STRIP = NO;
				DEBUG_INFORMATION_FORMAT = "dwarf-with-dsym";
				ENABLE_NS_ASSERTIONS = NO;
				ENABLE_STRICT_OBJC_MSGSEND = YES;
				GCC_C_LANGUAGE_STANDARD = gnu11;
				GCC_NO_COMMON_BLOCKS = YES;
				GCC_WARN_64_TO_32_BIT_CONVERSION = YES;
				GCC_WARN_ABOUT_RETURN_TYPE = YES_ERROR;
				GCC_WARN_UNDECLARED_SELECTOR = YES;
				GCC_WARN_UNINITIALIZED_AUTOS = YES_AGGRESSIVE;
				GCC_WARN_UNUSED_FUNCTION = YES;
				GCC_WARN_UNUSED_VARIABLE = YES;
				IPHONEOS_DEPLOYMENT_TARGET = 11.2;
				MTL_ENABLE_DEBUG_INFO = NO;
				SDKROOT = iphoneos;
				SWIFT_OPTIMIZATION_LEVEL = "-Owholemodule";
				VALIDATE_PRODUCT = YES;
			};
			name = Release;
		};
		8A1FE10B2029E6C000A75F52 /* Debug */ = {
			isa = XCBuildConfiguration;
			baseConfigurationReference = 4A192EFBE2B109FF9DBC076A /* Pods-NYTSports.debug.xcconfig */;
			buildSettings = {
				ASSETCATALOG_COMPILER_APPICON_NAME = AppIcon;
				CODE_SIGN_STYLE = Automatic;
				DEVELOPMENT_TEAM = 3KM5RT87TU;
				INFOPLIST_FILE = NYTSports/Info.plist;
				LD_RUNPATH_SEARCH_PATHS = "$(inherited) @executable_path/Frameworks";
				PRODUCT_BUNDLE_IDENTIFIER = com.karimelnaggar.NYTSports;
				PRODUCT_NAME = "$(TARGET_NAME)";
				SWIFT_VERSION = 4.0;
				TARGETED_DEVICE_FAMILY = "1,2";
			};
			name = Debug;
		};
		8A1FE10C2029E6C000A75F52 /* Release */ = {
			isa = XCBuildConfiguration;
			baseConfigurationReference = DAA090F6B245624C48371B7B /* Pods-NYTSports.release.xcconfig */;
			buildSettings = {
				ASSETCATALOG_COMPILER_APPICON_NAME = AppIcon;
				CODE_SIGN_STYLE = Automatic;
				DEVELOPMENT_TEAM = 3KM5RT87TU;
				INFOPLIST_FILE = NYTSports/Info.plist;
				LD_RUNPATH_SEARCH_PATHS = "$(inherited) @executable_path/Frameworks";
				PRODUCT_BUNDLE_IDENTIFIER = com.karimelnaggar.NYTSports;
				PRODUCT_NAME = "$(TARGET_NAME)";
				SWIFT_VERSION = 4.0;
				TARGETED_DEVICE_FAMILY = "1,2";
			};
			name = Release;
		};
/* End XCBuildConfiguration section */

/* Begin XCConfigurationList section */
		8A1FE0F12029E6BF00A75F52 /* Build configuration list for PBXProject "NYTSports" */ = {
			isa = XCConfigurationList;
			buildConfigurations = (
				8A1FE1082029E6C000A75F52 /* Debug */,
				8A1FE1092029E6C000A75F52 /* Release */,
			);
			defaultConfigurationIsVisible = 0;
			defaultConfigurationName = Release;
		};
		8A1FE10A2029E6C000A75F52 /* Build configuration list for PBXNativeTarget "NYTSports" */ = {
			isa = XCConfigurationList;
			buildConfigurations = (
				8A1FE10B2029E6C000A75F52 /* Debug */,
				8A1FE10C2029E6C000A75F52 /* Release */,
			);
			defaultConfigurationIsVisible = 0;
			defaultConfigurationName = Release;
		};
/* End XCConfigurationList section */
	};
	rootObject = 8A1FE0EE2029E6BF00A75F52 /* Project object */;
}
